{
  "name": "advent-of-code",
  "version": "1.0.0",
  "lockfileVersion": 1,
  "requires": true,
  "dependencies": {
    "char-info": {
      "version": "0.1.4",
      "resolved": "https://registry.npmjs.org/char-info/-/char-info-0.1.4.tgz",
      "integrity": "sha1-Dna8qBNwAt4kAXQvzEM8FZIfFmw=",
      "requires": {
        "node-interval-tree": "1.3.3"
      }
    },
    "lodash": {
      "version": "4.17.4",
      "resolved": "https://registry.npmjs.org/lodash/-/lodash-4.17.4.tgz",
      "integrity": "sha1-eCA6TRwyiuHYbcpkYONptX9AVa4="
    },
    "node-interval-tree": {
      "version": "1.3.3",
      "resolved": "https://registry.npmjs.org/node-interval-tree/-/node-interval-tree-1.3.3.tgz",
      "integrity": "sha512-K9vk96HdTK5fEipJwxSvIIqwTqr4e3HRJeJrNxBSeVMNSC/JWARRaX7etOLOuTmrRMeOI/K5TCJu3aWIwZiNTw==",
      "requires": {
        "shallowequal": "1.0.2"
      }
    },
    "parjs": {
      "version": "0.6.4",
      "resolved": "https://registry.npmjs.org/parjs/-/parjs-0.6.4.tgz",
      "integrity": "sha512-Shv1lQZztIRApmJwSb5y4Jw1iC3gwpFhZOszY8KLFi1Tq8ggP4liaseDtWpKwJW+UIxu/AUSOTZqTY//IVc0Ag==",
      "requires": {
        "char-info": "0.1.4",
        "lodash": "4.17.4"
      }
    },
    "shallowequal": {
      "version": "1.0.2",
      "resolved": "https://registry.npmjs.org/shallowequal/-/shallowequal-1.0.2.tgz",
      "integrity": "sha512-zlVXeVUKvo+HEv1e2KQF/csyeMKx2oHvatQ9l6XjCUj3agvC8XGf6R9HvIPDSmp8FNPvx7b5kaEJTRi7CqxtEw=="
    }
  }
}
